
Microsoft Visual Studio Solution File, Format Version 12.00
# Visual Studio Version 17
VisualStudioVersion = 17.8.34316.72
MinimumVisualStudioVersion = 10.0.40219.1
Project("{FAE04EC0-301F-11D3-BF4B-00C04F79EFBC}") = "AdaTech.ListaExerciciosTestes", "AdaTech.ListaExerciciosTestes\AdaTech.ListaExerciciosTestes.csproj", "{D63AF533-33F0-4980-BD1B-C8B1EF739FDB}"
EndProject
Global
	GlobalSection(SolutionConfigurationPlatforms) = preSolution
		Debug|Any CPU = Debug|Any CPU
		Release|Any CPU = Release|Any CPU
	EndGlobalSection
	GlobalSection(ProjectConfigurationPlatforms) = postSolution
		{D63AF533-33F0-4980-BD1B-C8B1EF739FDB}.Debug|Any CPU.ActiveCfg = Debug|Any CPU
		{D63AF533-33F0-4980-BD1B-C8B1EF739FDB}.Debug|Any CPU.Build.0 = Debug|Any CPU
		{D63AF533-33F0-4980-BD1B-C8B1EF739FDB}.Release|Any CPU.ActiveCfg = Release|Any CPU
		{D63AF533-33F0-4980-BD1B-C8B1EF739FDB}.Release|Any CPU.Build.0 = Release|Any CPU
	EndGlobalSection
	GlobalSection(SolutionProperties) = preSolution
		HideSolutionNode = FALSE
	EndGlobalSection
	GlobalSection(ExtensibilityGlobals) = postSolution
		SolutionGuid = {6C11D89B-525B-4B62-9F17-2C78F25D97B8}
	EndGlobalSection
EndGlobal
